
Microsoft Visual Studio Solution File, Format Version 12.00
# Visual Studio Version 17
VisualStudioVersion = 17.4.33205.214
MinimumVisualStudioVersion = 10.0.40219.1
Project("{9A19103F-16F7-4668-BE54-9A1E7A4F7556}") = "WebApp", "WebApp\WebApp.csproj", "{B4675491-E34C-4D32-8EF7-FCE882F7B5ED}"
EndProject
Project("{9A19103F-16F7-4668-BE54-9A1E7A4F7556}") = "WpfApp", "WpfApp\WpfApp.csproj", "{32339D9C-78BE-4765-A19E-9EE7FAB25433}"
EndProject
Project("{9A19103F-16F7-4668-BE54-9A1E7A4F7556}") = "XUnitTests", "XUnitTests\XUnitTests.csproj", "{F26E72AC-6927-46BA-B1BC-74E228A985C8}"
EndProject
Project("{FAE04EC0-301F-11D3-BF4B-00C04F79EFBC}") = "NUnitTests", "NUnitTests\NUnitTests.csproj", "{642FD396-C95D-475A-AEB3-63C5983599B7}"
EndProject
Global
	GlobalSection(SolutionConfigurationPlatforms) = preSolution
		Debug|Any CPU = Debug|Any CPU
		Release|Any CPU = Release|Any CPU
	EndGlobalSection
	GlobalSection(ProjectConfigurationPlatforms) = postSolution
		{B4675491-E34C-4D32-8EF7-FCE882F7B5ED}.Debug|Any CPU.ActiveCfg = Debug|Any CPU
		{B4675491-E34C-4D32-8EF7-FCE882F7B5ED}.Debug|Any CPU.Build.0 = Debug|Any CPU
		{B4675491-E34C-4D32-8EF7-FCE882F7B5ED}.Release|Any CPU.ActiveCfg = Release|Any CPU
		{B4675491-E34C-4D32-8EF7-FCE882F7B5ED}.Release|Any CPU.Build.0 = Release|Any CPU
		{32339D9C-78BE-4765-A19E-9EE7FAB25433}.Debug|Any CPU.ActiveCfg = Debug|Any CPU
		{32339D9C-78BE-4765-A19E-9EE7FAB25433}.Debug|Any CPU.Build.0 = Debug|Any CPU
		{32339D9C-78BE-4765-A19E-9EE7FAB25433}.Release|Any CPU.ActiveCfg = Release|Any CPU
		{32339D9C-78BE-4765-A19E-9EE7FAB25433}.Release|Any CPU.Build.0 = Release|Any CPU
		{F26E72AC-6927-46BA-B1BC-74E228A985C8}.Debug|Any CPU.ActiveCfg = Debug|Any CPU
		{F26E72AC-6927-46BA-B1BC-74E228A985C8}.Debug|Any CPU.Build.0 = Debug|Any CPU
		{F26E72AC-6927-46BA-B1BC-74E228A985C8}.Release|Any CPU.ActiveCfg = Release|Any CPU
		{F26E72AC-6927-46BA-B1BC-74E228A985C8}.Release|Any CPU.Build.0 = Release|Any CPU
		{642FD396-C95D-475A-AEB3-63C5983599B7}.Debug|Any CPU.ActiveCfg = Debug|Any CPU
		{642FD396-C95D-475A-AEB3-63C5983599B7}.Debug|Any CPU.Build.0 = Debug|Any CPU
		{642FD396-C95D-475A-AEB3-63C5983599B7}.Release|Any CPU.ActiveCfg = Release|Any CPU
		{642FD396-C95D-475A-AEB3-63C5983599B7}.Release|Any CPU.Build.0 = Release|Any CPU
	EndGlobalSection
	GlobalSection(SolutionProperties) = preSolution
		HideSolutionNode = FALSE
	EndGlobalSection
	GlobalSection(ExtensibilityGlobals) = postSolution
		SolutionGuid = {686DAC26-A330-4C22-A9EE-3BCB9B0D73E4}
	EndGlobalSection
EndGlobal
